
Microsoft Visual Studio Solution File, Format Version 11.00
# Visual Studio 2010
# SharpDevelop 4.4
Project("{FAE04EC0-301F-11D3-BF4B-00C04F79EFBC}") = "refresh-tool", "refresh-tool\refresh-tool.csproj", "{50623361-A4C1-4F64-B1FC-68710D67681A}"
EndProject
Global
	GlobalSection(SolutionConfigurationPlatforms) = preSolution
		Debug|Any CPU = Debug|Any CPU
		Release|Any CPU = Release|Any CPU
	EndGlobalSection
	GlobalSection(ProjectConfigurationPlatforms) = postSolution
		{50623361-A4C1-4F64-B1FC-68710D67681A}.Debug|Any CPU.Build.0 = Debug|Any CPU
		{50623361-A4C1-4F64-B1FC-68710D67681A}.Debug|Any CPU.ActiveCfg = Debug|Any CPU
		{50623361-A4C1-4F64-B1FC-68710D67681A}.Release|Any CPU.Build.0 = Release|Any CPU
		{50623361-A4C1-4F64-B1FC-68710D67681A}.Release|Any CPU.ActiveCfg = Release|Any CPU
	EndGlobalSection
EndGlobal
